
Microsoft Visual Studio Solution File, Format Version 12.00
# Visual Studio 15
VisualStudioVersion = 15.0.28010.2048
MinimumVisualStudioVersion = 10.0.40219.1
Project("{FAE04EC0-301F-11D3-BF4B-00C04F79EFBC}") = "AES", "AES\AES.csproj", "{8031B7A4-09C2-4A3D-A583-E0427231190E}"
EndProject
Global
	GlobalSection(SolutionConfigurationPlatforms) = preSolution
		Debug|Any CPU = Debug|Any CPU
		Release|Any CPU = Release|Any CPU
	EndGlobalSection
	GlobalSection(ProjectConfigurationPlatforms) = postSolution
		{8031B7A4-09C2-4A3D-A583-E0427231190E}.Debug|Any CPU.ActiveCfg = Debug|Any CPU
		{8031B7A4-09C2-4A3D-A583-E0427231190E}.Debug|Any CPU.Build.0 = Debug|Any CPU
		{8031B7A4-09C2-4A3D-A583-E0427231190E}.Release|Any CPU.ActiveCfg = Release|Any CPU
		{8031B7A4-09C2-4A3D-A583-E0427231190E}.Release|Any CPU.Build.0 = Release|Any CPU
	EndGlobalSection
	GlobalSection(SolutionProperties) = preSolution
		HideSolutionNode = FALSE
	EndGlobalSection
	GlobalSection(ExtensibilityGlobals) = postSolution
		SolutionGuid = {E1FD143C-2786-4658-B6D6-A734EB928C61}
	EndGlobalSection
EndGlobal
